
Microsoft Visual Studio Solution File, Format Version 12.00
# Visual Studio Version 16
VisualStudioVersion = 16.0.33130.400
MinimumVisualStudioVersion = 10.0.40219.1
Project("{FAE04EC0-301F-11D3-BF4B-00C04F79EFBC}") = "MVCWebAppNETFramework48", "MVCWebAppNETFramework48\MVCWebAppNETFramework48.csproj", "{D8254B02-64AB-4E86-A21C-1A2661766DAC}"
EndProject
Global
	GlobalSection(SolutionConfigurationPlatforms) = preSolution
		Debug|Any CPU = Debug|Any CPU
		Release|Any CPU = Release|Any CPU
	EndGlobalSection
	GlobalSection(ProjectConfigurationPlatforms) = postSolution
		{D8254B02-64AB-4E86-A21C-1A2661766DAC}.Debug|Any CPU.ActiveCfg = Debug|Any CPU
		{D8254B02-64AB-4E86-A21C-1A2661766DAC}.Debug|Any CPU.Build.0 = Debug|Any CPU
		{D8254B02-64AB-4E86-A21C-1A2661766DAC}.Release|Any CPU.ActiveCfg = Release|Any CPU
		{D8254B02-64AB-4E86-A21C-1A2661766DAC}.Release|Any CPU.Build.0 = Release|Any CPU
	EndGlobalSection
	GlobalSection(SolutionProperties) = preSolution
		HideSolutionNode = FALSE
	EndGlobalSection
	GlobalSection(ExtensibilityGlobals) = postSolution
		SolutionGuid = {E87AAEC2-4988-466E-8D9A-D0939ED91D0C}
	EndGlobalSection
EndGlobal
